
Microsoft Visual Studio Solution File, Format Version 12.00
# Visual Studio 15
VisualStudioVersion = 15.0.26124.0
MinimumVisualStudioVersion = 15.0.26124.0
Project("{FAE04EC0-301F-11D3-BF4B-00C04F79EFBC}") = "Programa01", "Programa01\Programa01.csproj", "{62AEE474-80F9-41E3-BF62-154C4F6DD582}"
EndProject
Project("{FAE04EC0-301F-11D3-BF4B-00C04F79EFBC}") = "Programa02", "Programa02\Programa02.csproj", "{960DF38E-5799-406E-A0B8-3C625707847C}"
EndProject
Project("{FAE04EC0-301F-11D3-BF4B-00C04F79EFBC}") = "Programa03", "Programa03\Programa03.csproj", "{96DB11CE-F2F7-4F76-A738-1401E5D263E7}"
EndProject
Project("{FAE04EC0-301F-11D3-BF4B-00C04F79EFBC}") = "Programa04", "Programa04\Programa04.csproj", "{D9F34F80-AA98-4ED9-A791-DF63F681745C}"
EndProject
Project("{FAE04EC0-301F-11D3-BF4B-00C04F79EFBC}") = "Programa05", "Programa05\Programa05.csproj", "{2FE4DF9F-E2F6-46A8-833C-44141215ED3E}"
EndProject
Project("{FAE04EC0-301F-11D3-BF4B-00C04F79EFBC}") = "Programa06", "Programa06\Programa06.csproj", "{E5D017D7-2099-4835-87A7-0043BE4F8311}"
EndProject
Project("{FAE04EC0-301F-11D3-BF4B-00C04F79EFBC}") = "Programa07", "Programa07\Programa07.csproj", "{BCF8E80F-3D6E-4796-AE64-840916207127}"
EndProject
Global
	GlobalSection(SolutionConfigurationPlatforms) = preSolution
		Debug|Any CPU = Debug|Any CPU
		Debug|x64 = Debug|x64
		Debug|x86 = Debug|x86
		Release|Any CPU = Release|Any CPU
		Release|x64 = Release|x64
		Release|x86 = Release|x86
	EndGlobalSection
	GlobalSection(SolutionProperties) = preSolution
		HideSolutionNode = FALSE
	EndGlobalSection
	GlobalSection(ProjectConfigurationPlatforms) = postSolution
		{62AEE474-80F9-41E3-BF62-154C4F6DD582}.Debug|Any CPU.ActiveCfg = Debug|Any CPU
		{62AEE474-80F9-41E3-BF62-154C4F6DD582}.Debug|Any CPU.Build.0 = Debug|Any CPU
		{62AEE474-80F9-41E3-BF62-154C4F6DD582}.Debug|x64.ActiveCfg = Debug|Any CPU
		{62AEE474-80F9-41E3-BF62-154C4F6DD582}.Debug|x64.Build.0 = Debug|Any CPU
		{62AEE474-80F9-41E3-BF62-154C4F6DD582}.Debug|x86.ActiveCfg = Debug|Any CPU
		{62AEE474-80F9-41E3-BF62-154C4F6DD582}.Debug|x86.Build.0 = Debug|Any CPU
		{62AEE474-80F9-41E3-BF62-154C4F6DD582}.Release|Any CPU.ActiveCfg = Release|Any CPU
		{62AEE474-80F9-41E3-BF62-154C4F6DD582}.Release|Any CPU.Build.0 = Release|Any CPU
		{62AEE474-80F9-41E3-BF62-154C4F6DD582}.Release|x64.ActiveCfg = Release|Any CPU
		{62AEE474-80F9-41E3-BF62-154C4F6DD582}.Release|x64.Build.0 = Release|Any CPU
		{62AEE474-80F9-41E3-BF62-154C4F6DD582}.Release|x86.ActiveCfg = Release|Any CPU
		{62AEE474-80F9-41E3-BF62-154C4F6DD582}.Release|x86.Build.0 = Release|Any CPU
		{960DF38E-5799-406E-A0B8-3C625707847C}.Debug|Any CPU.ActiveCfg = Debug|Any CPU
		{960DF38E-5799-406E-A0B8-3C625707847C}.Debug|Any CPU.Build.0 = Debug|Any CPU
		{960DF38E-5799-406E-A0B8-3C625707847C}.Debug|x64.ActiveCfg = Debug|Any CPU
		{960DF38E-5799-406E-A0B8-3C625707847C}.Debug|x64.Build.0 = Debug|Any CPU
		{960DF38E-5799-406E-A0B8-3C625707847C}.Debug|x86.ActiveCfg = Debug|Any CPU
		{960DF38E-5799-406E-A0B8-3C625707847C}.Debug|x86.Build.0 = Debug|Any CPU
		{960DF38E-5799-406E-A0B8-3C625707847C}.Release|Any CPU.ActiveCfg = Release|Any CPU
		{960DF38E-5799-406E-A0B8-3C625707847C}.Release|Any CPU.Build.0 = Release|Any CPU
		{960DF38E-5799-406E-A0B8-3C625707847C}.Release|x64.ActiveCfg = Release|Any CPU
		{960DF38E-5799-406E-A0B8-3C625707847C}.Release|x64.Build.0 = Release|Any CPU
		{960DF38E-5799-406E-A0B8-3C625707847C}.Release|x86.ActiveCfg = Release|Any CPU
		{960DF38E-5799-406E-A0B8-3C625707847C}.Release|x86.Build.0 = Release|Any CPU
		{96DB11CE-F2F7-4F76-A738-1401E5D263E7}.Debug|Any CPU.ActiveCfg = Debug|Any CPU
		{96DB11CE-F2F7-4F76-A738-1401E5D263E7}.Debug|Any CPU.Build.0 = Debug|Any CPU
		{96DB11CE-F2F7-4F76-A738-1401E5D263E7}.Debug|x64.ActiveCfg = Debug|Any CPU
		{96DB11CE-F2F7-4F76-A738-1401E5D263E7}.Debug|x64.Build.0 = Debug|Any CPU
		{96DB11CE-F2F7-4F76-A738-1401E5D263E7}.Debug|x86.ActiveCfg = Debug|Any CPU
		{96DB11CE-F2F7-4F76-A738-1401E5D263E7}.Debug|x86.Build.0 = Debug|Any CPU
		{96DB11CE-F2F7-4F76-A738-1401E5D263E7}.Release|Any CPU.ActiveCfg = Release|Any CPU
		{96DB11CE-F2F7-4F76-A738-1401E5D263E7}.Release|Any CPU.Build.0 = Release|Any CPU
		{96DB11CE-F2F7-4F76-A738-1401E5D263E7}.Release|x64.ActiveCfg = Release|Any CPU
		{96DB11CE-F2F7-4F76-A738-1401E5D263E7}.Release|x64.Build.0 = Release|Any CPU
		{96DB11CE-F2F7-4F76-A738-1401E5D263E7}.Release|x86.ActiveCfg = Release|Any CPU
		{96DB11CE-F2F7-4F76-A738-1401E5D263E7}.Release|x86.Build.0 = Release|Any CPU
		{D9F34F80-AA98-4ED9-A791-DF63F681745C}.Debug|Any CPU.ActiveCfg = Debug|Any CPU
		{D9F34F80-AA98-4ED9-A791-DF63F681745C}.Debug|Any CPU.Build.0 = Debug|Any CPU
		{D9F34F80-AA98-4ED9-A791-DF63F681745C}.Debug|x64.ActiveCfg = Debug|Any CPU
		{D9F34F80-AA98-4ED9-A791-DF63F681745C}.Debug|x64.Build.0 = Debug|Any CPU
		{D9F34F80-AA98-4ED9-A791-DF63F681745C}.Debug|x86.ActiveCfg = Debug|Any CPU
		{D9F34F80-AA98-4ED9-A791-DF63F681745C}.Debug|x86.Build.0 = Debug|Any CPU
		{D9F34F80-AA98-4ED9-A791-DF63F681745C}.Release|Any CPU.ActiveCfg = Release|Any CPU
		{D9F34F80-AA98-4ED9-A791-DF63F681745C}.Release|Any CPU.Build.0 = Release|Any CPU
		{D9F34F80-AA98-4ED9-A791-DF63F681745C}.Release|x64.ActiveCfg = Release|Any CPU
		{D9F34F80-AA98-4ED9-A791-DF63F681745C}.Release|x64.Build.0 = Release|Any CPU
		{D9F34F80-AA98-4ED9-A791-DF63F681745C}.Release|x86.ActiveCfg = Release|Any CPU
		{D9F34F80-AA98-4ED9-A791-DF63F681745C}.Release|x86.Build.0 = Release|Any CPU
		{2FE4DF9F-E2F6-46A8-833C-44141215ED3E}.Debug|Any CPU.ActiveCfg = Debug|Any CPU
		{2FE4DF9F-E2F6-46A8-833C-44141215ED3E}.Debug|Any CPU.Build.0 = Debug|Any CPU
		{2FE4DF9F-E2F6-46A8-833C-44141215ED3E}.Debug|x64.ActiveCfg = Debug|Any CPU
		{2FE4DF9F-E2F6-46A8-833C-44141215ED3E}.Debug|x64.Build.0 = Debug|Any CPU
		{2FE4DF9F-E2F6-46A8-833C-44141215ED3E}.Debug|x86.ActiveCfg = Debug|Any CPU
		{2FE4DF9F-E2F6-46A8-833C-44141215ED3E}.Debug|x86.Build.0 = Debug|Any CPU
		{2FE4DF9F-E2F6-46A8-833C-44141215ED3E}.Release|Any CPU.ActiveCfg = Release|Any CPU
		{2FE4DF9F-E2F6-46A8-833C-44141215ED3E}.Release|Any CPU.Build.0 = Release|Any CPU
		{2FE4DF9F-E2F6-46A8-833C-44141215ED3E}.Release|x64.ActiveCfg = Release|Any CPU
		{2FE4DF9F-E2F6-46A8-833C-44141215ED3E}.Release|x64.Build.0 = Release|Any CPU
		{2FE4DF9F-E2F6-46A8-833C-44141215ED3E}.Release|x86.ActiveCfg = Release|Any CPU
		{2FE4DF9F-E2F6-46A8-833C-44141215ED3E}.Release|x86.Build.0 = Release|Any CPU
		{E5D017D7-2099-4835-87A7-0043BE4F8311}.Debug|Any CPU.ActiveCfg = Debug|Any CPU
		{E5D017D7-2099-4835-87A7-0043BE4F8311}.Debug|Any CPU.Build.0 = Debug|Any CPU
		{E5D017D7-2099-4835-87A7-0043BE4F8311}.Debug|x64.ActiveCfg = Debug|Any CPU
		{E5D017D7-2099-4835-87A7-0043BE4F8311}.Debug|x64.Build.0 = Debug|Any CPU
		{E5D017D7-2099-4835-87A7-0043BE4F8311}.Debug|x86.ActiveCfg = Debug|Any CPU
		{E5D017D7-2099-4835-87A7-0043BE4F8311}.Debug|x86.Build.0 = Debug|Any CPU
		{E5D017D7-2099-4835-87A7-0043BE4F8311}.Release|Any CPU.ActiveCfg = Release|Any CPU
		{E5D017D7-2099-4835-87A7-0043BE4F8311}.Release|Any CPU.Build.0 = Release|Any CPU
		{E5D017D7-2099-4835-87A7-0043BE4F8311}.Release|x64.ActiveCfg = Release|Any CPU
		{E5D017D7-2099-4835-87A7-0043BE4F8311}.Release|x64.Build.0 = Release|Any CPU
		{E5D017D7-2099-4835-87A7-0043BE4F8311}.Release|x86.ActiveCfg = Release|Any CPU
		{E5D017D7-2099-4835-87A7-0043BE4F8311}.Release|x86.Build.0 = Release|Any CPU
		{BCF8E80F-3D6E-4796-AE64-840916207127}.Debug|Any CPU.ActiveCfg = Debug|Any CPU
		{BCF8E80F-3D6E-4796-AE64-840916207127}.Debug|Any CPU.Build.0 = Debug|Any CPU
		{BCF8E80F-3D6E-4796-AE64-840916207127}.Debug|x64.ActiveCfg = Debug|Any CPU
		{BCF8E80F-3D6E-4796-AE64-840916207127}.Debug|x64.Build.0 = Debug|Any CPU
		{BCF8E80F-3D6E-4796-AE64-840916207127}.Debug|x86.ActiveCfg = Debug|Any CPU
		{BCF8E80F-3D6E-4796-AE64-840916207127}.Debug|x86.Build.0 = Debug|Any CPU
		{BCF8E80F-3D6E-4796-AE64-840916207127}.Release|Any CPU.ActiveCfg = Release|Any CPU
		{BCF8E80F-3D6E-4796-AE64-840916207127}.Release|Any CPU.Build.0 = Release|Any CPU
		{BCF8E80F-3D6E-4796-AE64-840916207127}.Release|x64.ActiveCfg = Release|Any CPU
		{BCF8E80F-3D6E-4796-AE64-840916207127}.Release|x64.Build.0 = Release|Any CPU
		{BCF8E80F-3D6E-4796-AE64-840916207127}.Release|x86.ActiveCfg = Release|Any CPU
		{BCF8E80F-3D6E-4796-AE64-840916207127}.Release|x86.Build.0 = Release|Any CPU
	EndGlobalSection
EndGlobal
